
Microsoft Visual Studio Solution File, Format Version 12.00
# Visual Studio Version 17
VisualStudioVersion = 17.4.33122.133
MinimumVisualStudioVersion = 10.0.40219.1
Project("{9A19103F-16F7-4668-BE54-9A1E7A4F7556}") = "Efcorelearningrazorpages", "Efcorelearningrazorpages\Efcorelearningrazorpages.csproj", "{091EBD20-A667-4D31-932E-3FB502A43F08}"
EndProject
Global
	GlobalSection(SolutionConfigurationPlatforms) = preSolution
		Debug|Any CPU = Debug|Any CPU
		Release|Any CPU = Release|Any CPU
	EndGlobalSection
	GlobalSection(ProjectConfigurationPlatforms) = postSolution
		{091EBD20-A667-4D31-932E-3FB502A43F08}.Debug|Any CPU.ActiveCfg = Debug|Any CPU
		{091EBD20-A667-4D31-932E-3FB502A43F08}.Debug|Any CPU.Build.0 = Debug|Any CPU
		{091EBD20-A667-4D31-932E-3FB502A43F08}.Release|Any CPU.ActiveCfg = Release|Any CPU
		{091EBD20-A667-4D31-932E-3FB502A43F08}.Release|Any CPU.Build.0 = Release|Any CPU
	EndGlobalSection
	GlobalSection(SolutionProperties) = preSolution
		HideSolutionNode = FALSE
	EndGlobalSection
	GlobalSection(ExtensibilityGlobals) = postSolution
		SolutionGuid = {38F89584-D6D4-403A-8025-C40F8FE907E9}
	EndGlobalSection
EndGlobal
